
Microsoft Visual Studio Solution File, Format Version 12.00
# Visual Studio Version 17
VisualStudioVersion = 17.12.35527.113 d17.12
MinimumVisualStudioVersion = 10.0.40219.1
Project("{FAE04EC0-301F-11D3-BF4B-00C04F79EFBC}") = "proyectoFin", "proyectoFin.csproj", "{05978167-955B-4BB5-979B-31FBF12AD0D3}"
EndProject
Project("{FAE04EC0-301F-11D3-BF4B-00C04F79EFBC}") = "Domain.Model", "..\Domain.Model\Domain.Model.csproj", "{D854B45C-34C5-4379-A28C-6F646938385A}"
EndProject
Project("{FAE04EC0-301F-11D3-BF4B-00C04F79EFBC}") = "Persistence.ApiRest", "..\Persistence.ApiRest\Persistence.ApiRest.csproj", "{A30E4F38-F504-429A-AC7D-9AAEE01FE84F}"
EndProject
Global
	GlobalSection(SolutionConfigurationPlatforms) = preSolution
		Debug|Any CPU = Debug|Any CPU
		Release|Any CPU = Release|Any CPU
	EndGlobalSection
	GlobalSection(ProjectConfigurationPlatforms) = postSolution
		{05978167-955B-4BB5-979B-31FBF12AD0D3}.Debug|Any CPU.ActiveCfg = Debug|Any CPU
		{05978167-955B-4BB5-979B-31FBF12AD0D3}.Debug|Any CPU.Build.0 = Debug|Any CPU
		{05978167-955B-4BB5-979B-31FBF12AD0D3}.Debug|Any CPU.Deploy.0 = Debug|Any CPU
		{05978167-955B-4BB5-979B-31FBF12AD0D3}.Release|Any CPU.ActiveCfg = Release|Any CPU
		{05978167-955B-4BB5-979B-31FBF12AD0D3}.Release|Any CPU.Build.0 = Release|Any CPU
		{05978167-955B-4BB5-979B-31FBF12AD0D3}.Release|Any CPU.Deploy.0 = Release|Any CPU
		{D854B45C-34C5-4379-A28C-6F646938385A}.Debug|Any CPU.ActiveCfg = Debug|Any CPU
		{D854B45C-34C5-4379-A28C-6F646938385A}.Debug|Any CPU.Build.0 = Debug|Any CPU
		{D854B45C-34C5-4379-A28C-6F646938385A}.Release|Any CPU.ActiveCfg = Release|Any CPU
		{D854B45C-34C5-4379-A28C-6F646938385A}.Release|Any CPU.Build.0 = Release|Any CPU
		{A30E4F38-F504-429A-AC7D-9AAEE01FE84F}.Debug|Any CPU.ActiveCfg = Debug|Any CPU
		{A30E4F38-F504-429A-AC7D-9AAEE01FE84F}.Debug|Any CPU.Build.0 = Debug|Any CPU
		{A30E4F38-F504-429A-AC7D-9AAEE01FE84F}.Release|Any CPU.ActiveCfg = Release|Any CPU
		{A30E4F38-F504-429A-AC7D-9AAEE01FE84F}.Release|Any CPU.Build.0 = Release|Any CPU
	EndGlobalSection
	GlobalSection(SolutionProperties) = preSolution
		HideSolutionNode = FALSE
	EndGlobalSection
EndGlobal
